<?xml version="1.0" encoding="utf-8"?>
<Project ToolsVersion="4.0" xmlns="http://schemas.microsoft.com/developer/msbuild/2003">
  <ItemGroup>
    <Filter Include="Исходные файлы">
      <UniqueIdentifier>{4FC737F1-C7A5-4376-A066-2A32D752A2FF}</UniqueIdentifier>
      <Extensions>cpp;c;cc;cxx;c++;cppm;ixx;def;odl;idl;hpj;bat;asm;asmx</Extensions>
    </Filter>
    <Filter Include="Файлы заголовков">
      <UniqueIdentifier>{93995380-89BD-4b04-88EB-625FBE52EBFB}</UniqueIdentifier>
      <Extensions>h;hh;hpp;hxx;h++;hm;inl;inc;ipp;xsd</Extensions>
    </Filter>
    <Filter Include="Файлы ресурсов">
      <UniqueIdentifier>{67DA6AB6-F800-4c08-8B7A-83BB121AAD01}</UniqueIdentifier>
      <Extensions>rc;ico;cur;bmp;dlg;rc2;rct;bin;rgs;gif;jpg;jpeg;jpe;resx;tiff;tif;png;wav;mfcribbon-ms</Extensions>
    </Filter>
    <Filter Include="Исходные файлы\WindowProwider%28CPP%29">
      <UniqueIdentifier>{aef41929-ac2d-4843-ab27-8780f50744e4}</UniqueIdentifier>
    </Filter>
    <Filter Include="Файлы заголовков\WindowProwider%28H%29">
      <UniqueIdentifier>{33c5b534-6e5f-4b6a-a7ca-fa712059bc58}</UniqueIdentifier>
    </Filter>
    <Filter Include="Исходные файлы\MathObjects%28CPP%29">
      <UniqueIdentifier>{58d83011-4ca5-4c34-b4e1-5ef69fe9635d}</UniqueIdentifier>
    </Filter>
    <Filter Include="Файлы заголовков\MathObjects%28H%29">
      <UniqueIdentifier>{e55f2924-0cfc-456f-a221-23fd8689b283}</UniqueIdentifier>
    </Filter>
    <Filter Include="Исходные файлы\ModelParts%28CPP%29">
      <UniqueIdentifier>{a4a04af7-1677-4581-8bf8-c1e263f11576}</UniqueIdentifier>
    </Filter>
    <Filter Include="Файлы заголовков\ModelParts%28H%29">
      <UniqueIdentifier>{d2a37593-ca87-4b5f-9def-a155f07bdf1c}</UniqueIdentifier>
    </Filter>
    <Filter Include="Исходные файлы\Logic%28CPP%29">
      <UniqueIdentifier>{52c399bf-470b-4096-aae5-57bd87c2608c}</UniqueIdentifier>
    </Filter>
    <Filter Include="Файлы заголовков\Logic%28H%29">
      <UniqueIdentifier>{61c38276-d8ee-4ec6-9052-573e7a268e52}</UniqueIdentifier>
    </Filter>
    <Filter Include="Файлы заголовков\Command%28H%29">
      <UniqueIdentifier>{7a830399-1473-4f6c-9bd5-7888b177c951}</UniqueIdentifier>
    </Filter>
    <Filter Include="Исходные файлы\Command%28CPP%29">
      <UniqueIdentifier>{1032aeed-fdea-44e2-9691-3e98dcf24b4a}</UniqueIdentifier>
    </Filter>
    <Filter Include="Файлы заголовков\Serialization%28H%29">
      <UniqueIdentifier>{49ac9c51-5faf-4c84-a7b6-14e7adf93bc6}</UniqueIdentifier>
    </Filter>
    <Filter Include="Исходные файлы\Serialization%28CPP%29">
      <UniqueIdentifier>{446047f0-f944-4670-b520-3dc1785cea1b}</UniqueIdentifier>
    </Filter>
    <Filter Include="Исходные файлы\Deserialization%28CPP%29">
      <UniqueIdentifier>{d7d1b787-822e-4b7a-a0fb-b6937198cf87}</UniqueIdentifier>
    </Filter>
    <Filter Include="Файлы заголовков\Deserialization%28H%29">
      <UniqueIdentifier>{8f50ebc3-975d-4c03-bfd1-71c2ef217fd1}</UniqueIdentifier>
    </Filter>
  </ItemGroup>
  <ItemGroup>
    <ClCompile Include="Code\main.cpp">
      <Filter>Исходные файлы</Filter>
    </ClCompile>
    <ClCompile Include="Code\GLFWWindowProvider.cpp">
      <Filter>Исходные файлы\WindowProwider%28CPP%29</Filter>
    </ClCompile>
    <ClCompile Include="Code\SFMLWindowProvider.cpp">
      <Filter>Исходные файлы\WindowProwider%28CPP%29</Filter>
    </ClCompile>
    <ClCompile Include="Code\Matrix4x4.cpp">
      <Filter>Исходные файлы\MathObjects%28CPP%29</Filter>
    </ClCompile>
    <ClCompile Include="Code\Mesh.cpp">
      <Filter>Исходные файлы\ModelParts%28CPP%29</Filter>
    </ClCompile>
    <ClCompile Include="Code\Scene.cpp">
      <Filter>Исходные файлы\ModelParts%28CPP%29</Filter>
    </ClCompile>
    <ClCompile Include="Code\Application.cpp">
      <Filter>Исходные файлы</Filter>
    </ClCompile>
    <ClCompile Include="Code\Camera.cpp">
      <Filter>Исходные файлы\ModelParts%28CPP%29</Filter>
    </ClCompile>
    <ClCompile Include="Code\RenderingPipeline.cpp">
      <Filter>Исходные файлы\Logic%28CPP%29</Filter>
    </ClCompile>
    <ClCompile Include="Code\InputHandler.cpp">
      <Filter>Исходные файлы\Command%28CPP%29</Filter>
    </ClCompile>
    <ClCompile Include="Code\Object3D.cpp">
      <Filter>Исходные файлы\ModelParts%28CPP%29</Filter>
    </ClCompile>
    <ClCompile Include="Code\ObjLoader.cpp">
      <Filter>Исходные файлы\Deserialization%28CPP%29</Filter>
    </ClCompile>
  </ItemGroup>
  <ItemGroup>
    <ClInclude Include="Code\GLFWWindowProvider.h">
      <Filter>Файлы заголовков\WindowProwider%28H%29</Filter>
    </ClInclude>
    <ClInclude Include="Code\IWindowProvider.h">
      <Filter>Файлы заголовков\WindowProwider%28H%29</Filter>
    </ClInclude>
    <ClInclude Include="Code\SFMLWindowProvider.h">
      <Filter>Файлы заголовков\WindowProwider%28H%29</Filter>
    </ClInclude>
    <ClInclude Include="Code\WindowSettings.h">
      <Filter>Файлы заголовков\WindowProwider%28H%29</Filter>
    </ClInclude>
    <ClInclude Include="Code\Matrix4x4.h">
      <Filter>Файлы заголовков\MathObjects%28H%29</Filter>
    </ClInclude>
    <ClInclude Include="Code\Mesh.h">
      <Filter>Файлы заголовков\ModelParts%28H%29</Filter>
    </ClInclude>
    <ClInclude Include="Code\Scene.h">
      <Filter>Файлы заголовков\ModelParts%28H%29</Filter>
    </ClInclude>
    <ClInclude Include="Code\Application.h">
      <Filter>Файлы заголовков</Filter>
    </ClInclude>
    <ClInclude Include="resource.h">
      <Filter>Файлы заголовков</Filter>
    </ClInclude>
    <ClInclude Include="Code\Constants.h">
      <Filter>Файлы заголовков</Filter>
    </ClInclude>
    <ClInclude Include="Code\Camera.h">
      <Filter>Файлы заголовков\ModelParts%28H%29</Filter>
    </ClInclude>
    <ClInclude Include="Code\RenderingPipeline.h">
      <Filter>Файлы заголовков\Logic%28H%29</Filter>
    </ClInclude>
    <ClInclude Include="Code\ICommand.h">
      <Filter>Файлы заголовков\Command%28H%29</Filter>
    </ClInclude>
    <ClInclude Include="Code\Commands.h">
      <Filter>Файлы заголовков\Command%28H%29</Filter>
    </ClInclude>
    <ClInclude Include="Code\EngineInput.h">
      <Filter>Файлы заголовков\Command%28H%29</Filter>
    </ClInclude>
    <ClInclude Include="Code\InputHandler.h">
      <Filter>Файлы заголовков\Command%28H%29</Filter>
    </ClInclude>
    <ClInclude Include="Code\Object3D.h">
      <Filter>Файлы заголовков\ModelParts%28H%29</Filter>
    </ClInclude>
    <ClInclude Include="Code\TVector.h">
      <Filter>Файлы заголовков\MathObjects%28H%29</Filter>
    </ClInclude>
    <ClInclude Include="Code\IMeshLoader.h">
      <Filter>Файлы заголовков\Deserialization%28H%29</Filter>
    </ClInclude>
    <ClInclude Include="Code\IMeshExporter.h">
      <Filter>Файлы заголовков\Serialization%28H%29</Filter>
    </ClInclude>
    <ClInclude Include="Code\ObjLoader.h">
      <Filter>Файлы заголовков\Deserialization%28H%29</Filter>
    </ClInclude>
    <ClInclude Include="Code\RenderTypes.h">
      <Filter>Файлы заголовков</Filter>
    </ClInclude>
  </ItemGroup>
  <ItemGroup>
    <ResourceCompile Include="My3DEngine.rc">
      <Filter>Файлы ресурсов</Filter>
    </ResourceCompile>
  </ItemGroup>
</Project>